
Microsoft Visual Studio Solution File, Format Version 12.00
# Visual Studio 15
VisualStudioVersion = 15.0.27004.2009
MinimumVisualStudioVersion = 10.0.40219.1
Project("{9A19103F-16F7-4668-BE54-9A1E7A4F7556}") = "Microsoft.AspNetCore.Authentication.GssKerberos", "Microsoft.AspNetCore.Authentication.GssKerberos\Microsoft.AspNetCore.Authentication.GssKerberos.csproj", "{FFD93245-E321-46B2-B8FC-D006FCF83660}"
EndProject
Project("{FAE04EC0-301F-11D3-BF4B-00C04F79EFBC}") = "Microsoft.AspNetCore.Authentication.GssKerberos.Test", "Microsoft.AspNetCore.Authentication.GssKerberos.Test\Microsoft.AspNetCore.Authentication.GssKerberos.Test.csproj", "{C9401F87-FBE8-4E96-A3E8-AE7919DBAD23}"
EndProject
Global
	GlobalSection(SolutionConfigurationPlatforms) = preSolution
		Debug|Any CPU = Debug|Any CPU
		Release|Any CPU = Release|Any CPU
	EndGlobalSection
	GlobalSection(ProjectConfigurationPlatforms) = postSolution
		{FFD93245-E321-46B2-B8FC-D006FCF83660}.Debug|Any CPU.ActiveCfg = Debug|Any CPU
		{FFD93245-E321-46B2-B8FC-D006FCF83660}.Debug|Any CPU.Build.0 = Debug|Any CPU
		{FFD93245-E321-46B2-B8FC-D006FCF83660}.Release|Any CPU.ActiveCfg = Release|Any CPU
		{FFD93245-E321-46B2-B8FC-D006FCF83660}.Release|Any CPU.Build.0 = Release|Any CPU
		{C9401F87-FBE8-4E96-A3E8-AE7919DBAD23}.Debug|Any CPU.ActiveCfg = Debug|Any CPU
		{C9401F87-FBE8-4E96-A3E8-AE7919DBAD23}.Debug|Any CPU.Build.0 = Debug|Any CPU
		{C9401F87-FBE8-4E96-A3E8-AE7919DBAD23}.Release|Any CPU.ActiveCfg = Release|Any CPU
		{C9401F87-FBE8-4E96-A3E8-AE7919DBAD23}.Release|Any CPU.Build.0 = Release|Any CPU
	EndGlobalSection
	GlobalSection(SolutionProperties) = preSolution
		HideSolutionNode = FALSE
	EndGlobalSection
	GlobalSection(ExtensibilityGlobals) = postSolution
		SolutionGuid = {096341B5-14F4-479A-9B61-52D6786D61E7}
	EndGlobalSection
EndGlobal
